// !$*UTF8*$!
{
	archiveVersion = 1;
	classes = {
	};
	objectVersion = 46;
	objects = {

/* Begin PBXBuildFile section */
		AA1D617315F0B05B00D7B57D /* SystemConfiguration.framework in Frameworks */ = {isa = PBXBuildFile; fileRef = AA1D617215F0B05B00D7B57D /* SystemConfiguration.framework */; };
		AA1D618815F0FC5700D7B57D /* ARPX.icns in Resources */ = {isa = PBXBuildFile; fileRef = AA1D618715F0FC5700D7B57D /* ARPX.icns */; };
		AA1D619215F1033B00D7B57D /* NSNewTableView.m in Sources */ = {isa = PBXBuildFile; fileRef = AA1D619115F1033B00D7B57D /* NSNewTableView.m */; };
		AA793FAA15EAAC3B00C651F7 /* vendors.plist in Resources */ = {isa = PBXBuildFile; fileRef = AA793FA915EAAC3B00C651F7 /* vendors.plist */; };
		AA7ADF4C15EF843C009891C1 /* Foundation.framework in Frameworks */ = {isa = PBXBuildFile; fileRef = AA7ADF4B15EF843C009891C1 /* Foundation.framework */; };
		AA7ADF4F15EF843C009891C1 /* main.m in Sources */ = {isa = PBXBuildFile; fileRef = AA7ADF4E15EF843C009891C1 /* main.m */; };
		AA7ADF5315EF843C009891C1 /* arpsniffer.1 in CopyFiles */ = {isa = PBXBuildFile; fileRef = AA7ADF5215EF843C009891C1 /* arpsniffer.1 */; };
		AA7ADF5D15EF8A05009891C1 /* Security.framework in Frameworks */ = {isa = PBXBuildFile; fileRef = AA7ADF5C15EF8A05009891C1 /* Security.framework */; };
		AA7ADF5F15EF8A0C009891C1 /* ServiceManagement.framework in Frameworks */ = {isa = PBXBuildFile; fileRef = AA7ADF5E15EF8A0C009891C1 /* ServiceManagement.framework */; };
		AA7ADF6315EF8A44009891C1 /* org.cirrus.arpsniffer in CopyFiles */ = {isa = PBXBuildFile; fileRef = AA7ADF4915EF843C009891C1 /* org.cirrus.arpsniffer */; };
		AA7ADF6915EF9A4B009891C1 /* libpcap.dylib in Frameworks */ = {isa = PBXBuildFile; fileRef = AA7ADF6815EF9A4B009891C1 /* libpcap.dylib */; };
		AA7ADF7015F00A03009891C1 /* firered.png in Resources */ = {isa = PBXBuildFile; fileRef = AA7ADF6F15F00A03009891C1 /* firered.png */; };
		AA7ADF7315F00A19009891C1 /* fireblack.png in Resources */ = {isa = PBXBuildFile; fileRef = AA7ADF7215F00A19009891C1 /* fireblack.png */; };
		AA7ADF7615F00AE3009891C1 /* fireblue.png in Resources */ = {isa = PBXBuildFile; fileRef = AA7ADF7515F00AE3009891C1 /* fireblue.png */; };
		AAD4114A15D85C65003042F8 /* Cocoa.framework in Frameworks */ = {isa = PBXBuildFile; fileRef = AAD4114915D85C65003042F8 /* Cocoa.framework */; };
		AAD4115415D85C65003042F8 /* InfoPlist.strings in Resources */ = {isa = PBXBuildFile; fileRef = AAD4115215D85C65003042F8 /* InfoPlist.strings */; };
		AAD4115615D85C65003042F8 /* main.m in Sources */ = {isa = PBXBuildFile; fileRef = AAD4115515D85C65003042F8 /* main.m */; };
		AAD4115A15D85C65003042F8 /* Credits.rtf in Resources */ = {isa = PBXBuildFile; fileRef = AAD4115815D85C65003042F8 /* Credits.rtf */; };
		AAD4115D15D85C65003042F8 /* AppDelegate.m in Sources */ = {isa = PBXBuildFile; fileRef = AAD4115C15D85C65003042F8 /* AppDelegate.m */; };
		AAD4116015D85C65003042F8 /* MainMenu.xib in Resources */ = {isa = PBXBuildFile; fileRef = AAD4115E15D85C65003042F8 /* MainMenu.xib */; };
		AAE204F715EF618F00912697 /* VendorViewData.m in Sources */ = {isa = PBXBuildFile; fileRef = AAE204F615EF618F00912697 /* VendorViewData.m */; };
		AAE204FB15EF6F2E00912697 /* ARPList.m in Sources */ = {isa = PBXBuildFile; fileRef = AAE204FA15EF6F2E00912697 /* ARPList.m */; };
/* End PBXBuildFile section */

/* Begin PBXContainerItemProxy section */
		AA7ADF6015EF8A27009891C1 /* PBXContainerItemProxy */ = {
			isa = PBXContainerItemProxy;
			containerPortal = AAD4113C15D85C65003042F8 /* Project object */;
			proxyType = 1;
			remoteGlobalIDString = AA7ADF4815EF843C009891C1;
			remoteInfo = org.cirrus.arpsniffer;
		};
/* End PBXContainerItemProxy section */

/* Begin PBXCopyFilesBuildPhase section */
		AA7ADF4715EF843C009891C1 /* CopyFiles */ = {
			isa = PBXCopyFilesBuildPhase;
			buildActionMask = 2147483647;
			dstPath = /usr/share/man/man1/;
			dstSubfolderSpec = 0;
			files = (
				AA7ADF5315EF843C009891C1 /* arpsniffer.1 in CopyFiles */,
			);
			runOnlyForDeploymentPostprocessing = 1;
		};
		AA7ADF6215EF8A36009891C1 /* CopyFiles */ = {
			isa = PBXCopyFilesBuildPhase;
			buildActionMask = 2147483647;
			dstPath = Contents/Library/LaunchServices;
			dstSubfolderSpec = 1;
			files = (
				AA7ADF6315EF8A44009891C1 /* org.cirrus.arpsniffer in CopyFiles */,
			);
			runOnlyForDeploymentPostprocessing = 0;
		};
/* End PBXCopyFilesBuildPhase section */

/* Begin PBXFileReference section */
		AA1D617215F0B05B00D7B57D /* SystemConfiguration.framework */ = {isa = PBXFileReference; lastKnownFileType = wrapper.framework; name = SystemConfiguration.framework; path = System/Library/Frameworks/SystemConfiguration.framework; sourceTree = SDKROOT; };
		AA1D618715F0FC5700D7B57D /* ARPX.icns */ = {isa = PBXFileReference; lastKnownFileType = image.icns; path = ARPX.icns; sourceTree = "<group>"; };
		AA1D619015F1033B00D7B57D /* NSNewTableView.h */ = {isa = PBXFileReference; fileEncoding = 4; lastKnownFileType = sourcecode.c.h; path = NSNewTableView.h; sourceTree = "<group>"; };
		AA1D619115F1033B00D7B57D /* NSNewTableView.m */ = {isa = PBXFileReference; fileEncoding = 4; lastKnownFileType = sourcecode.c.objc; path = NSNewTableView.m; sourceTree = "<group>"; };
		AA793FA915EAAC3B00C651F7 /* vendors.plist */ = {isa = PBXFileReference; fileEncoding = 4; lastKnownFileType = text.plist.xml; path = vendors.plist; sourceTree = "<group>"; };
		AA7ADF4915EF843C009891C1 /* org.cirrus.arpsniffer */ = {isa = PBXFileReference; explicitFileType = "compiled.mach-o.executable"; includeInIndex = 0; path = org.cirrus.arpsniffer; sourceTree = BUILT_PRODUCTS_DIR; };
		AA7ADF4B15EF843C009891C1 /* Foundation.framework */ = {isa = PBXFileReference; lastKnownFileType = wrapper.framework; name = Foundation.framework; path = System/Library/Frameworks/Foundation.framework; sourceTree = SDKROOT; };
		AA7ADF4E15EF843C009891C1 /* main.m */ = {isa = PBXFileReference; lastKnownFileType = sourcecode.c.objc; path = main.m; sourceTree = "<group>"; };
		AA7ADF5115EF843C009891C1 /* arpsniffer-Prefix.pch */ = {isa = PBXFileReference; lastKnownFileType = sourcecode.c.h; path = "arpsniffer-Prefix.pch"; sourceTree = "<group>"; };
		AA7ADF5215EF843C009891C1 /* arpsniffer.1 */ = {isa = PBXFileReference; lastKnownFileType = text.man; path = arpsniffer.1; sourceTree = "<group>"; };
		AA7ADF5A15EF84F5009891C1 /* arpsniffer-info.plist */ = {isa = PBXFileReference; fileEncoding = 4; lastKnownFileType = text.plist.xml; path = "arpsniffer-info.plist"; sourceTree = "<group>"; };
		AA7ADF5B15EF85AF009891C1 /* arpsniffer-Launchd.plist */ = {isa = PBXFileReference; fileEncoding = 4; lastKnownFileType = text.plist.xml; path = "arpsniffer-Launchd.plist"; sourceTree = "<group>"; };
		AA7ADF5C15EF8A05009891C1 /* Security.framework */ = {isa = PBXFileReference; lastKnownFileType = wrapper.framework; name = Security.framework; path = System/Library/Frameworks/Security.framework; sourceTree = SDKROOT; };
		AA7ADF5E15EF8A0C009891C1 /* ServiceManagement.framework */ = {isa = PBXFileReference; lastKnownFileType = wrapper.framework; name = ServiceManagement.framework; path = System/Library/Frameworks/ServiceManagement.framework; sourceTree = SDKROOT; };
		AA7ADF6815EF9A4B009891C1 /* libpcap.dylib */ = {isa = PBXFileReference; lastKnownFileType = "compiled.mach-o.dylib"; name = libpcap.dylib; path = usr/lib/libpcap.dylib; sourceTree = SDKROOT; };
		AA7ADF6F15F00A03009891C1 /* firered.png */ = {isa = PBXFileReference; lastKnownFileType = image.png; path = firered.png; sourceTree = "<group>"; };
		AA7ADF7215F00A19009891C1 /* fireblack.png */ = {isa = PBXFileReference; lastKnownFileType = image.png; path = fireblack.png; sourceTree = "<group>"; };
		AA7ADF7515F00AE3009891C1 /* fireblue.png */ = {isa = PBXFileReference; lastKnownFileType = image.png; path = fireblue.png; sourceTree = "<group>"; };
		AAD4114515D85C65003042F8 /* ARPX.app */ = {isa = PBXFileReference; explicitFileType = wrapper.application; includeInIndex = 0; path = ARPX.app; sourceTree = BUILT_PRODUCTS_DIR; };
		AAD4114915D85C65003042F8 /* Cocoa.framework */ = {isa = PBXFileReference; lastKnownFileType = wrapper.framework; name = Cocoa.framework; path = System/Library/Frameworks/Cocoa.framework; sourceTree = SDKROOT; };
		AAD4114C15D85C65003042F8 /* AppKit.framework */ = {isa = PBXFileReference; lastKnownFileType = wrapper.framework; name = AppKit.framework; path = System/Library/Frameworks/AppKit.framework; sourceTree = SDKROOT; };
		AAD4114D15D85C65003042F8 /* CoreData.framework */ = {isa = PBXFileReference; lastKnownFileType = wrapper.framework; name = CoreData.framework; path = System/Library/Frameworks/CoreData.framework; sourceTree = SDKROOT; };
		AAD4114E15D85C65003042F8 /* Foundation.framework */ = {isa = PBXFileReference; lastKnownFileType = wrapper.framework; name = Foundation.framework; path = System/Library/Frameworks/Foundation.framework; sourceTree = SDKROOT; };
		AAD4115115D85C65003042F8 /* ARPX-Info.plist */ = {isa = PBXFileReference; lastKnownFileType = text.plist.xml; path = "ARPX-Info.plist"; sourceTree = "<group>"; };
		AAD4115315D85C65003042F8 /* en */ = {isa = PBXFileReference; lastKnownFileType = text.plist.strings; name = en; path = en.lproj/InfoPlist.strings; sourceTree = "<group>"; };
		AAD4115515D85C65003042F8 /* main.m */ = {isa = PBXFileReference; lastKnownFileType = sourcecode.c.objc; path = main.m; sourceTree = "<group>"; };
		AAD4115715D85C65003042F8 /* ARPX-Prefix.pch */ = {isa = PBXFileReference; lastKnownFileType = sourcecode.c.h; path = "ARPX-Prefix.pch"; sourceTree = "<group>"; };
		AAD4115915D85C65003042F8 /* en */ = {isa = PBXFileReference; lastKnownFileType = text.rtf; name = en; path = en.lproj/Credits.rtf; sourceTree = "<group>"; };
		AAD4115B15D85C65003042F8 /* AppDelegate.h */ = {isa = PBXFileReference; lastKnownFileType = sourcecode.c.h; path = AppDelegate.h; sourceTree = "<group>"; };
		AAD4115C15D85C65003042F8 /* AppDelegate.m */ = {isa = PBXFileReference; lastKnownFileType = sourcecode.c.objc; path = AppDelegate.m; sourceTree = "<group>"; };
		AAD4115F15D85C65003042F8 /* en */ = {isa = PBXFileReference; lastKnownFileType = file.xib; name = en; path = en.lproj/MainMenu.xib; sourceTree = "<group>"; };
		AAE204F515EF618F00912697 /* VendorViewData.h */ = {isa = PBXFileReference; fileEncoding = 4; lastKnownFileType = sourcecode.c.h; path = VendorViewData.h; sourceTree = "<group>"; };
		AAE204F615EF618F00912697 /* VendorViewData.m */ = {isa = PBXFileReference; fileEncoding = 4; lastKnownFileType = sourcecode.c.objc; path = VendorViewData.m; sourceTree = "<group>"; };
		AAE204F915EF6F2E00912697 /* ARPList.h */ = {isa = PBXFileReference; fileEncoding = 4; lastKnownFileType = sourcecode.c.h; path = ARPList.h; sourceTree = "<group>"; };
		AAE204FA15EF6F2E00912697 /* ARPList.m */ = {isa = PBXFileReference; fileEncoding = 4; lastKnownFileType = sourcecode.c.objc; path = ARPList.m; sourceTree = "<group>"; };
/* End PBXFileReference section */

/* Begin PBXFrameworksBuildPhase section */
		AA7ADF4615EF843C009891C1 /* Frameworks */ = {
			isa = PBXFrameworksBuildPhase;
			buildActionMask = 2147483647;
			files = (
				AA7ADF6915EF9A4B009891C1 /* libpcap.dylib in Frameworks */,
				AA7ADF4C15EF843C009891C1 /* Foundation.framework in Frameworks */,
			);
			runOnlyForDeploymentPostprocessing = 0;
		};
		AAD4114215D85C65003042F8 /* Frameworks */ = {
			isa = PBXFrameworksBuildPhase;
			buildActionMask = 2147483647;
			files = (
				AA1D617315F0B05B00D7B57D /* SystemConfiguration.framework in Frameworks */,
				AA7ADF5F15EF8A0C009891C1 /* ServiceManagement.framework in Frameworks */,
				AA7ADF5D15EF8A05009891C1 /* Security.framework in Frameworks */,
				AAD4114A15D85C65003042F8 /* Cocoa.framework in Frameworks */,
			);
			runOnlyForDeploymentPostprocessing = 0;
		};
/* End PBXFrameworksBuildPhase section */

/* Begin PBXGroup section */
		AA7ADF4D15EF843C009891C1 /* arpsniffer */ = {
			isa = PBXGroup;
			children = (
				AA7ADF4E15EF843C009891C1 /* main.m */,
				AA7ADF5215EF843C009891C1 /* arpsniffer.1 */,
				AA7ADF5015EF843C009891C1 /* Supporting Files */,
			);
			path = arpsniffer;
			sourceTree = "<group>";
		};
		AA7ADF5015EF843C009891C1 /* Supporting Files */ = {
			isa = PBXGroup;
			children = (
				AA7ADF5A15EF84F5009891C1 /* arpsniffer-info.plist */,
				AA7ADF5115EF843C009891C1 /* arpsniffer-Prefix.pch */,
				AA7ADF5B15EF85AF009891C1 /* arpsniffer-Launchd.plist */,
			);
			name = "Supporting Files";
			sourceTree = "<group>";
		};
		AA7ADF7415F00AC6009891C1 /* Resources */ = {
			isa = PBXGroup;
			children = (
				AA1D618715F0FC5700D7B57D /* ARPX.icns */,
				AA7ADF6F15F00A03009891C1 /* firered.png */,
				AA7ADF7515F00AE3009891C1 /* fireblue.png */,
				AA7ADF7215F00A19009891C1 /* fireblack.png */,
			);
			name = Resources;
			sourceTree = "<group>";
		};
		AAD4113A15D85C65003042F8 = {
			isa = PBXGroup;
			children = (
				AA7ADF7415F00AC6009891C1 /* Resources */,
				AAD4114F15D85C65003042F8 /* ARPX */,
				AA7ADF4D15EF843C009891C1 /* arpsniffer */,
				AAD4114815D85C65003042F8 /* Frameworks */,
				AAD4114615D85C65003042F8 /* Products */,
				AA793FA915EAAC3B00C651F7 /* vendors.plist */,
			);
			sourceTree = "<group>";
		};
		AAD4114615D85C65003042F8 /* Products */ = {
			isa = PBXGroup;
			children = (
				AAD4114515D85C65003042F8 /* ARPX.app */,
				AA7ADF4915EF843C009891C1 /* org.cirrus.arpsniffer */,
			);
			name = Products;
			sourceTree = "<group>";
		};
		AAD4114815D85C65003042F8 /* Frameworks */ = {
			isa = PBXGroup;
			children = (
				AA1D617215F0B05B00D7B57D /* SystemConfiguration.framework */,
				AA7ADF5E15EF8A0C009891C1 /* ServiceManagement.framework */,
				AA7ADF5C15EF8A05009891C1 /* Security.framework */,
				AA7ADF6815EF9A4B009891C1 /* libpcap.dylib */,
				AAD4114915D85C65003042F8 /* Cocoa.framework */,
				AA7ADF4B15EF843C009891C1 /* Foundation.framework */,
				AAD4114B15D85C65003042F8 /* Other Frameworks */,
			);
			name = Frameworks;
			sourceTree = "<group>";
		};
		AAD4114B15D85C65003042F8 /* Other Frameworks */ = {
			isa = PBXGroup;
			children = (
				AAD4114C15D85C65003042F8 /* AppKit.framework */,
				AAD4114D15D85C65003042F8 /* CoreData.framework */,
				AAD4114E15D85C65003042F8 /* Foundation.framework */,
			);
			name = "Other Frameworks";
			sourceTree = "<group>";
		};
		AAD4114F15D85C65003042F8 /* ARPX */ = {
			isa = PBXGroup;
			children = (
				AA1D619015F1033B00D7B57D /* NSNewTableView.h */,
				AA1D619115F1033B00D7B57D /* NSNewTableView.m */,
				AAE204F915EF6F2E00912697 /* ARPList.h */,
				AAE204FA15EF6F2E00912697 /* ARPList.m */,
				AAD4115B15D85C65003042F8 /* AppDelegate.h */,
				AAD4115C15D85C65003042F8 /* AppDelegate.m */,
				AAD4115E15D85C65003042F8 /* MainMenu.xib */,
				AAD4115015D85C65003042F8 /* Supporting Files */,
				AAE204F515EF618F00912697 /* VendorViewData.h */,
				AAE204F615EF618F00912697 /* VendorViewData.m */,
			);
			path = ARPX;
			sourceTree = "<group>";
		};
		AAD4115015D85C65003042F8 /* Supporting Files */ = {
			isa = PBXGroup;
			children = (
				AAD4115115D85C65003042F8 /* ARPX-Info.plist */,
				AAD4115215D85C65003042F8 /* InfoPlist.strings */,
				AAD4115515D85C65003042F8 /* main.m */,
				AAD4115715D85C65003042F8 /* ARPX-Prefix.pch */,
				AAD4115815D85C65003042F8 /* Credits.rtf */,
			);
			name = "Supporting Files";
			sourceTree = "<group>";
		};
/* End PBXGroup section */

/* Begin PBXNativeTarget section */
		AA7ADF4815EF843C009891C1 /* org.cirrus.arpsniffer */ = {
			isa = PBXNativeTarget;
			buildConfigurationList = AA7ADF5415EF843C009891C1 /* Build configuration list for PBXNativeTarget "org.cirrus.arpsniffer" */;
			buildPhases = (
				AA7ADF4515EF843C009891C1 /* Sources */,
				AA7ADF4615EF843C009891C1 /* Frameworks */,
				AA7ADF4715EF843C009891C1 /* CopyFiles */,
			);
			buildRules = (
			);
			dependencies = (
			);
			name = org.cirrus.arpsniffer;
			productName = arpsniffer;
			productReference = AA7ADF4915EF843C009891C1 /* org.cirrus.arpsniffer */;
			productType = "com.apple.product-type.tool";
		};
		AAD4114415D85C65003042F8 /* ARPX */ = {
			isa = PBXNativeTarget;
			buildConfigurationList = AAD4116315D85C65003042F8 /* Build configuration list for PBXNativeTarget "ARPX" */;
			buildPhases = (
				AAD4114115D85C65003042F8 /* Sources */,
				AAD4114215D85C65003042F8 /* Frameworks */,
				AAD4114315D85C65003042F8 /* Resources */,
				AA7ADF6215EF8A36009891C1 /* CopyFiles */,
			);
			buildRules = (
			);
			dependencies = (
				AA7ADF6115EF8A27009891C1 /* PBXTargetDependency */,
			);
			name = ARPX;
			productName = ARPX;
			productReference = AAD4114515D85C65003042F8 /* ARPX.app */;
			productType = "com.apple.product-type.application";
		};
/* End PBXNativeTarget section */

/* Begin PBXProject section */
		AAD4113C15D85C65003042F8 /* Project object */ = {
			isa = PBXProject;
			attributes = {
				LastUpgradeCheck = 0440;
				ORGANIZATIONNAME = cirrus;
			};
			buildConfigurationList = AAD4113F15D85C65003042F8 /* Build configuration list for PBXProject "ARPX" */;
			compatibilityVersion = "Xcode 3.2";
			developmentRegion = English;
			hasScannedForEncodings = 0;
			knownRegions = (
				en,
			);
			mainGroup = AAD4113A15D85C65003042F8;
			productRefGroup = AAD4114615D85C65003042F8 /* Products */;
			projectDirPath = "";
			projectRoot = "";
			targets = (
				AAD4114415D85C65003042F8 /* ARPX */,
				AA7ADF4815EF843C009891C1 /* org.cirrus.arpsniffer */,
			);
		};
/* End PBXProject section */

/* Begin PBXResourcesBuildPhase section */
		AAD4114315D85C65003042F8 /* Resources */ = {
			isa = PBXResourcesBuildPhase;
			buildActionMask = 2147483647;
			files = (
				AAD4115415D85C65003042F8 /* InfoPlist.strings in Resources */,
				AAD4115A15D85C65003042F8 /* Credits.rtf in Resources */,
				AAD4116015D85C65003042F8 /* MainMenu.xib in Resources */,
				AA793FAA15EAAC3B00C651F7 /* vendors.plist in Resources */,
				AA7ADF7015F00A03009891C1 /* firered.png in Resources */,
				AA7ADF7315F00A19009891C1 /* fireblack.png in Resources */,
				AA7ADF7615F00AE3009891C1 /* fireblue.png in Resources */,
				AA1D618815F0FC5700D7B57D /* ARPX.icns in Resources */,
			);
			runOnlyForDeploymentPostprocessing = 0;
		};
/* End PBXResourcesBuildPhase section */

/* Begin PBXSourcesBuildPhase section */
		AA7ADF4515EF843C009891C1 /* Sources */ = {
			isa = PBXSourcesBuildPhase;
			buildActionMask = 2147483647;
			files = (
				AA7ADF4F15EF843C009891C1 /* main.m in Sources */,
			);
			runOnlyForDeploymentPostprocessing = 0;
		};
		AAD4114115D85C65003042F8 /* Sources */ = {
			isa = PBXSourcesBuildPhase;
			buildActionMask = 2147483647;
			files = (
				AAD4115615D85C65003042F8 /* main.m in Sources */,
				AAD4115D15D85C65003042F8 /* AppDelegate.m in Sources */,
				AAE204F715EF618F00912697 /* VendorViewData.m in Sources */,
				AAE204FB15EF6F2E00912697 /* ARPList.m in Sources */,
				AA1D619215F1033B00D7B57D /* NSNewTableView.m in Sources */,
			);
			runOnlyForDeploymentPostprocessing = 0;
		};
/* End PBXSourcesBuildPhase section */

/* Begin PBXTargetDependency section */
		AA7ADF6115EF8A27009891C1 /* PBXTargetDependency */ = {
			isa = PBXTargetDependency;
			target = AA7ADF4815EF843C009891C1 /* org.cirrus.arpsniffer */;
			targetProxy = AA7ADF6015EF8A27009891C1 /* PBXContainerItemProxy */;
		};
/* End PBXTargetDependency section */

/* Begin PBXVariantGroup section */
		AAD4115215D85C65003042F8 /* InfoPlist.strings */ = {
			isa = PBXVariantGroup;
			children = (
				AAD4115315D85C65003042F8 /* en */,
			);
			name = InfoPlist.strings;
			sourceTree = "<group>";
		};
		AAD4115815D85C65003042F8 /* Credits.rtf */ = {
			isa = PBXVariantGroup;
			children = (
				AAD4115915D85C65003042F8 /* en */,
			);
			name = Credits.rtf;
			sourceTree = "<group>";
		};
		AAD4115E15D85C65003042F8 /* MainMenu.xib */ = {
			isa = PBXVariantGroup;
			children = (
				AAD4115F15D85C65003042F8 /* en */,
			);
			name = MainMenu.xib;
			sourceTree = "<group>";
		};
/* End PBXVariantGroup section */

/* Begin XCBuildConfiguration section */
		AA7ADF5515EF843C009891C1 /* Debug */ = {
			isa = XCBuildConfiguration;
			buildSettings = {
				GCC_PRECOMPILE_PREFIX_HEADER = YES;
				GCC_PREFIX_HEADER = "arpsniffer/arpsniffer-Prefix.pch";
				INFOPLIST_FILE = "arpsniffer/arpsniffer-info.plist";
				OTHER_LDFLAGS = (
					"-sectcreate",
					__TEXT,
					__info_plist,
					"arpsniffer/arpsniffer-info.plist",
					"-sectcreate",
					__TEXT,
					__launchd_plist,
					"arpsniffer/arpsniffer-Launchd.plist",
				);
				PRODUCT_NAME = org.cirrus.arpsniffer;
				SKIP_INSTALL = NO;
			};
			name = Debug;
		};
		AA7ADF5615EF843C009891C1 /* Release */ = {
			isa = XCBuildConfiguration;
			buildSettings = {
				GCC_PRECOMPILE_PREFIX_HEADER = YES;
				GCC_PREFIX_HEADER = "arpsniffer/arpsniffer-Prefix.pch";
				INFOPLIST_FILE = "arpsniffer/arpsniffer-info.plist";
				OTHER_LDFLAGS = (
					"-sectcreate",
					__TEXT,
					__info_plist,
					"arpsniffer/arpsniffer-info.plist",
					"-sectcreate",
					__TEXT,
					__launchd_plist,
					"arpsniffer/arpsniffer-Launchd.plist",
				);
				PRODUCT_NAME = org.cirrus.arpsniffer;
				SKIP_INSTALL = NO;
			};
			name = Release;
		};
		AAD4116115D85C65003042F8 /* Debug */ = {
			isa = XCBuildConfiguration;
			buildSettings = {
				ALWAYS_SEARCH_USER_PATHS = NO;
				ARCHS = "$(ARCHS_STANDARD_64_BIT)";
				CLANG_CXX_LANGUAGE_STANDARD = "gnu++0x";
				CLANG_WARN__DUPLICATE_METHOD_MATCH = YES;
				CODE_SIGN_IDENTITY = cirrus;
				COPY_PHASE_STRIP = NO;
				GCC_C_LANGUAGE_STANDARD = gnu99;
				GCC_DYNAMIC_NO_PIC = NO;
				GCC_ENABLE_OBJC_EXCEPTIONS = YES;
				GCC_OPTIMIZATION_LEVEL = 0;
				GCC_PREPROCESSOR_DEFINITIONS = (
					"DEBUG=1",
					"$(inherited)",
				);
				GCC_SYMBOLS_PRIVATE_EXTERN = NO;
				GCC_WARN_64_TO_32_BIT_CONVERSION = YES;
				GCC_WARN_ABOUT_RETURN_TYPE = YES;
				GCC_WARN_UNINITIALIZED_AUTOS = YES;
				GCC_WARN_UNUSED_VARIABLE = YES;
				MACOSX_DEPLOYMENT_TARGET = 10.8;
				ONLY_ACTIVE_ARCH = YES;
				PROVISIONING_PROFILE = "";
				SDKROOT = macosx;
				SKIP_INSTALL = NO;
			};
			name = Debug;
		};
		AAD4116215D85C65003042F8 /* Release */ = {
			isa = XCBuildConfiguration;
			buildSettings = {
				ALWAYS_SEARCH_USER_PATHS = NO;
				ARCHS = "$(ARCHS_STANDARD_64_BIT)";
				CLANG_CXX_LANGUAGE_STANDARD = "gnu++0x";
				CLANG_WARN__DUPLICATE_METHOD_MATCH = YES;
				CODE_SIGN_IDENTITY = cirrus;
				COPY_PHASE_STRIP = YES;
				DEBUG_INFORMATION_FORMAT = "dwarf-with-dsym";
				GCC_C_LANGUAGE_STANDARD = gnu99;
				GCC_ENABLE_OBJC_EXCEPTIONS = YES;
				GCC_WARN_64_TO_32_BIT_CONVERSION = YES;
				GCC_WARN_ABOUT_RETURN_TYPE = YES;
				GCC_WARN_UNINITIALIZED_AUTOS = YES;
				GCC_WARN_UNUSED_VARIABLE = YES;
				MACOSX_DEPLOYMENT_TARGET = 10.8;
				PROVISIONING_PROFILE = "";
				SDKROOT = macosx;
				SKIP_INSTALL = NO;
			};
			name = Release;
		};
		AAD4116415D85C65003042F8 /* Debug */ = {
			isa = XCBuildConfiguration;
			buildSettings = {
				COMBINE_HIDPI_IMAGES = YES;
				GCC_PRECOMPILE_PREFIX_HEADER = YES;
				GCC_PREFIX_HEADER = "ARPX/ARPX-Prefix.pch";
				INFOPLIST_FILE = "ARPX/ARPX-Info.plist";
				PRODUCT_NAME = "$(TARGET_NAME)";
				SKIP_INSTALL = NO;
				WRAPPER_EXTENSION = app;
			};
			name = Debug;
		};
		AAD4116515D85C65003042F8 /* Release */ = {
			isa = XCBuildConfiguration;
			buildSettings = {
				COMBINE_HIDPI_IMAGES = YES;
				GCC_PRECOMPILE_PREFIX_HEADER = YES;
				GCC_PREFIX_HEADER = "ARPX/ARPX-Prefix.pch";
				INFOPLIST_FILE = "ARPX/ARPX-Info.plist";
				PRODUCT_NAME = "$(TARGET_NAME)";
				SKIP_INSTALL = NO;
				WRAPPER_EXTENSION = app;
			};
			name = Release;
		};
/* End XCBuildConfiguration section */

/* Begin XCConfigurationList section */
		AA7ADF5415EF843C009891C1 /* Build configuration list for PBXNativeTarget "org.cirrus.arpsniffer" */ = {
			isa = XCConfigurationList;
			buildConfigurations = (
				AA7ADF5515EF843C009891C1 /* Debug */,
				AA7ADF5615EF843C009891C1 /* Release */,
			);
			defaultConfigurationIsVisible = 0;
			defaultConfigurationName = Release;
		};
		AAD4113F15D85C65003042F8 /* Build configuration list for PBXProject "ARPX" */ = {
			isa = XCConfigurationList;
			buildConfigurations = (
				AAD4116115D85C65003042F8 /* Debug */,
				AAD4116215D85C65003042F8 /* Release */,
			);
			defaultConfigurationIsVisible = 0;
			defaultConfigurationName = Release;
		};
		AAD4116315D85C65003042F8 /* Build configuration list for PBXNativeTarget "ARPX" */ = {
			isa = XCConfigurationList;
			buildConfigurations = (
				AAD4116415D85C65003042F8 /* Debug */,
				AAD4116515D85C65003042F8 /* Release */,
			);
			defaultConfigurationIsVisible = 0;
			defaultConfigurationName = Release;
		};
/* End XCConfigurationList section */
	};
	rootObject = AAD4113C15D85C65003042F8 /* Project object */;
}
